
Microsoft Visual Studio Solution File, Format Version 11.00
# Visual Studio 2010
Project("{FAE04EC0-301F-11D3-BF4B-00C04F79EFBC}") = "EjemploAssets", "Assembly-CSharp.csproj", "{F8240346-A6EF-19CB-023C-600061E0DB7C}"
EndProject
Project("{FAE04EC0-301F-11D3-BF4B-00C04F79EFBC}") = "EjemploAssets", "Assembly-CSharp-Editor.csproj", "{23C7C197-1553-0C5E-8B34-651DC5856936}"
EndProject
Global
	GlobalSection(SolutionConfigurationPlatforms) = preSolution
		Debug|Any CPU = Debug|Any CPU
		Release|Any CPU = Release|Any CPU
	EndGlobalSection
	GlobalSection(ProjectConfigurationPlatforms) = postSolution
		{F8240346-A6EF-19CB-023C-600061E0DB7C}.Debug|Any CPU.ActiveCfg = Debug|Any CPU
		{F8240346-A6EF-19CB-023C-600061E0DB7C}.Debug|Any CPU.Build.0 = Debug|Any CPU
		{F8240346-A6EF-19CB-023C-600061E0DB7C}.Release|Any CPU.ActiveCfg = Release|Any CPU
		{F8240346-A6EF-19CB-023C-600061E0DB7C}.Release|Any CPU.Build.0 = Release|Any CPU
		{23C7C197-1553-0C5E-8B34-651DC5856936}.Debug|Any CPU.ActiveCfg = Debug|Any CPU
		{23C7C197-1553-0C5E-8B34-651DC5856936}.Debug|Any CPU.Build.0 = Debug|Any CPU
		{23C7C197-1553-0C5E-8B34-651DC5856936}.Release|Any CPU.ActiveCfg = Release|Any CPU
		{23C7C197-1553-0C5E-8B34-651DC5856936}.Release|Any CPU.Build.0 = Release|Any CPU
	EndGlobalSection
	GlobalSection(SolutionProperties) = preSolution
		HideSolutionNode = FALSE
	EndGlobalSection
	GlobalSection(MonoDevelopProperties) = preSolution
		StartupItem = Assembly-CSharp.csproj
	EndGlobalSection
EndGlobal
